
Microsoft Visual Studio Solution File, Format Version 12.00
# Visual Studio Version 17
VisualStudioVersion = 17.0.31919.166
MinimumVisualStudioVersion = 10.0.40219.1
Project("{FAE04EC0-301F-11D3-BF4B-00C04F79EFBC}") = "WebServiceAutoMail", "WebServiceAutoMail\WebServiceAutoMail.csproj", "{DECB231D-EF3D-4449-ACCB-0E9A6DC51A25}"
EndProject
Global
	GlobalSection(SolutionConfigurationPlatforms) = preSolution
		Debug|Any CPU = Debug|Any CPU
		Release|Any CPU = Release|Any CPU
	EndGlobalSection
	GlobalSection(ProjectConfigurationPlatforms) = postSolution
		{DECB231D-EF3D-4449-ACCB-0E9A6DC51A25}.Debug|Any CPU.ActiveCfg = Debug|Any CPU
		{DECB231D-EF3D-4449-ACCB-0E9A6DC51A25}.Debug|Any CPU.Build.0 = Debug|Any CPU
		{DECB231D-EF3D-4449-ACCB-0E9A6DC51A25}.Release|Any CPU.ActiveCfg = Release|Any CPU
		{DECB231D-EF3D-4449-ACCB-0E9A6DC51A25}.Release|Any CPU.Build.0 = Release|Any CPU
	EndGlobalSection
	GlobalSection(SolutionProperties) = preSolution
		HideSolutionNode = FALSE
	EndGlobalSection
	GlobalSection(ExtensibilityGlobals) = postSolution
		SolutionGuid = {500B8CC6-5284-495A-8E11-6E9BDED9A54D}
	EndGlobalSection
EndGlobal
